
Microsoft Visual Studio Solution File, Format Version 12.00
# Visual Studio Version 17
VisualStudioVersion = 17.5.002.0
MinimumVisualStudioVersion = 10.0.40219.1
Project("{9A19103F-16F7-4668-BE54-9A1E7A4F7556}") = "TimGiaTriTrongMang", "TimGiaTriTrongMang.csproj", "{5D2EF945-274E-4162-8099-4AC5E8577759}"
EndProject
Global
	GlobalSection(SolutionConfigurationPlatforms) = preSolution
		Debug|Any CPU = Debug|Any CPU
		Release|Any CPU = Release|Any CPU
	EndGlobalSection
	GlobalSection(ProjectConfigurationPlatforms) = postSolution
		{5D2EF945-274E-4162-8099-4AC5E8577759}.Debug|Any CPU.ActiveCfg = Debug|Any CPU
		{5D2EF945-274E-4162-8099-4AC5E8577759}.Debug|Any CPU.Build.0 = Debug|Any CPU
		{5D2EF945-274E-4162-8099-4AC5E8577759}.Release|Any CPU.ActiveCfg = Release|Any CPU
		{5D2EF945-274E-4162-8099-4AC5E8577759}.Release|Any CPU.Build.0 = Release|Any CPU
	EndGlobalSection
	GlobalSection(SolutionProperties) = preSolution
		HideSolutionNode = FALSE
	EndGlobalSection
	GlobalSection(ExtensibilityGlobals) = postSolution
		SolutionGuid = {2F33F285-0824-4668-AD20-E6839F58D363}
	EndGlobalSection
EndGlobal
